
Microsoft Visual Studio Solution File, Format Version 12.00
# Visual Studio Version 17
VisualStudioVersion = 17.4.33122.133
MinimumVisualStudioVersion = 10.0.40219.1
Project("{9A19103F-16F7-4668-BE54-9A1E7A4F7556}") = "DatatypeDemo", "DatatypeDemo\DatatypeDemo.csproj", "{3D8F4D86-DD1D-45FF-B621-E876743107AB}"
EndProject
Project("{9A19103F-16F7-4668-BE54-9A1E7A4F7556}") = "BaseKeywordDemo", "BaseKeywordDemo\BaseKeywordDemo.csproj", "{989A106B-480D-4475-A89C-67EA043F8362}"
EndProject
Project("{9A19103F-16F7-4668-BE54-9A1E7A4F7556}") = "MethodOverridingDemo", "MethodOverridingDemo\MethodOverridingDemo.csproj", "{A8F1CED4-E3BA-401D-9036-F005655ACA8D}"
EndProject
Project("{9A19103F-16F7-4668-BE54-9A1E7A4F7556}") = "OverrideDemo", "OverrideDemo\OverrideDemo.csproj", "{64DD1960-3509-414E-8E7B-956FDB998865}"
EndProject
Project("{9A19103F-16F7-4668-BE54-9A1E7A4F7556}") = "MethodHidingDemo", "MethodHidingDemo\MethodHidingDemo.csproj", "{BF941510-76E0-46A5-A880-F4D0C2EC2AEF}"
EndProject
Project("{9A19103F-16F7-4668-BE54-9A1E7A4F7556}") = "OutKeywordDemo", "OutKeywordDemo\OutKeywordDemo.csproj", "{4ED277EA-E3E9-497C-ACA8-253575918D1F}"
EndProject
Project("{9A19103F-16F7-4668-BE54-9A1E7A4F7556}") = "BaseKeyword", "BaseKeyword\BaseKeyword.csproj", "{BBA94F39-B52F-4FD2-80D8-8C2DAC4B3E53}"
EndProject
Project("{9A19103F-16F7-4668-BE54-9A1E7A4F7556}") = "MethodOverLoadingDemo", "MethodOverLoadingDemo\MethodOverLoadingDemo.csproj", "{608627FF-6525-4113-8BBD-08A63D13C74B}"
EndProject
Project("{9A19103F-16F7-4668-BE54-9A1E7A4F7556}") = "Overloadinhg", "Overloadinhg\Overloadinhg.csproj", "{9465A47A-03C3-4245-8381-5EA1C13B6752}"
EndProject
Project("{9A19103F-16F7-4668-BE54-9A1E7A4F7556}") = "OperatorOverloading", "OperatorOverloading\OperatorOverloading.csproj", "{F2AAD619-FDCA-40BB-BABE-025262A803B3}"
EndProject
Project("{9A19103F-16F7-4668-BE54-9A1E7A4F7556}") = "MethodHidingScenario", "MethodHidingScenario\MethodHidingScenario.csproj", "{B8C38C7E-0F76-4F16-A93A-68AF772C6200}"
EndProject
Project("{9A19103F-16F7-4668-BE54-9A1E7A4F7556}") = "CoffeeShop", "CoffeeShop\CoffeeShop.csproj", "{D9D7EC37-A55F-472C-BF58-4BBC738DD762}"
EndProject
Project("{FAE04EC0-301F-11D3-BF4B-00C04F79EFBC}") = "returns exampe calculator method", "returns exampe calculator method\returns exampe calculator method.csproj", "{B6C283C2-D2A5-4822-A98F-079CE152A6D2}"
EndProject
Global
	GlobalSection(SolutionConfigurationPlatforms) = preSolution
		Debug|Any CPU = Debug|Any CPU
		Release|Any CPU = Release|Any CPU
	EndGlobalSection
	GlobalSection(ProjectConfigurationPlatforms) = postSolution
		{3D8F4D86-DD1D-45FF-B621-E876743107AB}.Debug|Any CPU.ActiveCfg = Debug|Any CPU
		{3D8F4D86-DD1D-45FF-B621-E876743107AB}.Debug|Any CPU.Build.0 = Debug|Any CPU
		{3D8F4D86-DD1D-45FF-B621-E876743107AB}.Release|Any CPU.ActiveCfg = Release|Any CPU
		{3D8F4D86-DD1D-45FF-B621-E876743107AB}.Release|Any CPU.Build.0 = Release|Any CPU
		{989A106B-480D-4475-A89C-67EA043F8362}.Debug|Any CPU.ActiveCfg = Debug|Any CPU
		{989A106B-480D-4475-A89C-67EA043F8362}.Debug|Any CPU.Build.0 = Debug|Any CPU
		{989A106B-480D-4475-A89C-67EA043F8362}.Release|Any CPU.ActiveCfg = Release|Any CPU
		{989A106B-480D-4475-A89C-67EA043F8362}.Release|Any CPU.Build.0 = Release|Any CPU
		{A8F1CED4-E3BA-401D-9036-F005655ACA8D}.Debug|Any CPU.ActiveCfg = Debug|Any CPU
		{A8F1CED4-E3BA-401D-9036-F005655ACA8D}.Debug|Any CPU.Build.0 = Debug|Any CPU
		{A8F1CED4-E3BA-401D-9036-F005655ACA8D}.Release|Any CPU.ActiveCfg = Release|Any CPU
		{A8F1CED4-E3BA-401D-9036-F005655ACA8D}.Release|Any CPU.Build.0 = Release|Any CPU
		{64DD1960-3509-414E-8E7B-956FDB998865}.Debug|Any CPU.ActiveCfg = Debug|Any CPU
		{64DD1960-3509-414E-8E7B-956FDB998865}.Debug|Any CPU.Build.0 = Debug|Any CPU
		{64DD1960-3509-414E-8E7B-956FDB998865}.Release|Any CPU.ActiveCfg = Release|Any CPU
		{64DD1960-3509-414E-8E7B-956FDB998865}.Release|Any CPU.Build.0 = Release|Any CPU
		{BF941510-76E0-46A5-A880-F4D0C2EC2AEF}.Debug|Any CPU.ActiveCfg = Debug|Any CPU
		{BF941510-76E0-46A5-A880-F4D0C2EC2AEF}.Debug|Any CPU.Build.0 = Debug|Any CPU
		{BF941510-76E0-46A5-A880-F4D0C2EC2AEF}.Release|Any CPU.ActiveCfg = Release|Any CPU
		{BF941510-76E0-46A5-A880-F4D0C2EC2AEF}.Release|Any CPU.Build.0 = Release|Any CPU
		{4ED277EA-E3E9-497C-ACA8-253575918D1F}.Debug|Any CPU.ActiveCfg = Debug|Any CPU
		{4ED277EA-E3E9-497C-ACA8-253575918D1F}.Debug|Any CPU.Build.0 = Debug|Any CPU
		{4ED277EA-E3E9-497C-ACA8-253575918D1F}.Release|Any CPU.ActiveCfg = Release|Any CPU
		{4ED277EA-E3E9-497C-ACA8-253575918D1F}.Release|Any CPU.Build.0 = Release|Any CPU
		{BBA94F39-B52F-4FD2-80D8-8C2DAC4B3E53}.Debug|Any CPU.ActiveCfg = Debug|Any CPU
		{BBA94F39-B52F-4FD2-80D8-8C2DAC4B3E53}.Debug|Any CPU.Build.0 = Debug|Any CPU
		{BBA94F39-B52F-4FD2-80D8-8C2DAC4B3E53}.Release|Any CPU.ActiveCfg = Release|Any CPU
		{BBA94F39-B52F-4FD2-80D8-8C2DAC4B3E53}.Release|Any CPU.Build.0 = Release|Any CPU
		{608627FF-6525-4113-8BBD-08A63D13C74B}.Debug|Any CPU.ActiveCfg = Debug|Any CPU
		{608627FF-6525-4113-8BBD-08A63D13C74B}.Debug|Any CPU.Build.0 = Debug|Any CPU
		{608627FF-6525-4113-8BBD-08A63D13C74B}.Release|Any CPU.ActiveCfg = Release|Any CPU
		{608627FF-6525-4113-8BBD-08A63D13C74B}.Release|Any CPU.Build.0 = Release|Any CPU
		{9465A47A-03C3-4245-8381-5EA1C13B6752}.Debug|Any CPU.ActiveCfg = Debug|Any CPU
		{9465A47A-03C3-4245-8381-5EA1C13B6752}.Debug|Any CPU.Build.0 = Debug|Any CPU
		{9465A47A-03C3-4245-8381-5EA1C13B6752}.Release|Any CPU.ActiveCfg = Release|Any CPU
		{9465A47A-03C3-4245-8381-5EA1C13B6752}.Release|Any CPU.Build.0 = Release|Any CPU
		{F2AAD619-FDCA-40BB-BABE-025262A803B3}.Debug|Any CPU.ActiveCfg = Debug|Any CPU
		{F2AAD619-FDCA-40BB-BABE-025262A803B3}.Debug|Any CPU.Build.0 = Debug|Any CPU
		{F2AAD619-FDCA-40BB-BABE-025262A803B3}.Release|Any CPU.ActiveCfg = Release|Any CPU
		{F2AAD619-FDCA-40BB-BABE-025262A803B3}.Release|Any CPU.Build.0 = Release|Any CPU
		{B8C38C7E-0F76-4F16-A93A-68AF772C6200}.Debug|Any CPU.ActiveCfg = Debug|Any CPU
		{B8C38C7E-0F76-4F16-A93A-68AF772C6200}.Debug|Any CPU.Build.0 = Debug|Any CPU
		{B8C38C7E-0F76-4F16-A93A-68AF772C6200}.Release|Any CPU.ActiveCfg = Release|Any CPU
		{B8C38C7E-0F76-4F16-A93A-68AF772C6200}.Release|Any CPU.Build.0 = Release|Any CPU
		{D9D7EC37-A55F-472C-BF58-4BBC738DD762}.Debug|Any CPU.ActiveCfg = Debug|Any CPU
		{D9D7EC37-A55F-472C-BF58-4BBC738DD762}.Debug|Any CPU.Build.0 = Debug|Any CPU
		{D9D7EC37-A55F-472C-BF58-4BBC738DD762}.Release|Any CPU.ActiveCfg = Release|Any CPU
		{D9D7EC37-A55F-472C-BF58-4BBC738DD762}.Release|Any CPU.Build.0 = Release|Any CPU
		{B6C283C2-D2A5-4822-A98F-079CE152A6D2}.Debug|Any CPU.ActiveCfg = Debug|Any CPU
		{B6C283C2-D2A5-4822-A98F-079CE152A6D2}.Debug|Any CPU.Build.0 = Debug|Any CPU
		{B6C283C2-D2A5-4822-A98F-079CE152A6D2}.Release|Any CPU.ActiveCfg = Release|Any CPU
		{B6C283C2-D2A5-4822-A98F-079CE152A6D2}.Release|Any CPU.Build.0 = Release|Any CPU
	EndGlobalSection
	GlobalSection(SolutionProperties) = preSolution
		HideSolutionNode = FALSE
	EndGlobalSection
	GlobalSection(ExtensibilityGlobals) = postSolution
		SolutionGuid = {319C7992-71F4-43E3-905C-70162B98E015}
	EndGlobalSection
EndGlobal
